# THIS IS AN AUTOGENERATED FILE. DO NOT EDIT THIS FILE DIRECTLY.
# yarn lockfile v1


"@types/bluebird@3.0.x":
  version "3.0.37"
  resolved "https://registry.yarnpkg.com/@types/bluebird/-/bluebird-3.0.37.tgz#2e76b394aa9bea40d04241a31c0887a260283388"

"@types/debug@^0.0.30":
  version "0.0.30"
  resolved "https://registry.yarnpkg.com/@types/debug/-/debug-0.0.30.tgz#dc1e40f7af3b9c815013a7860e6252f6352a84df"

"@types/node@*":
  version "8.0.46"
  resolved "https://registry.yarnpkg.com/@types/node/-/node-8.0.46.tgz#6e1766b2d0ed06631d5b5f87bb8e72c8dbb6888e"

"@types/node@^7.0.0":
  version "7.0.46"
  resolved "https://registry.yarnpkg.com/@types/node/-/node-7.0.46.tgz#c3dedd25558c676b3d6303e51799abb9c3f8f314"

"@types/sax@^1.0.0":
  version "1.0.0"
  resolved "https://registry.yarnpkg.com/@types/sax/-/sax-1.0.0.tgz#30d5e6bdbf126daf6e412c639251dd974bd47cdc"
  dependencies:
    "@types/node" "*"

bluebird@^3.4.7:
  version "3.5.1"
  resolved "https://registry.yarnpkg.com/bluebird/-/bluebird-3.5.1.tgz#d9551f9de98f1fcda1e683d17ee91a0602ee2eb9"

debug@^3.1.0:
  version "3.1.0"
  resolved "https://registry.yarnpkg.com/debug/-/debug-3.1.0.tgz#5bb5a0672628b64149566ba16819e61518c67261"
  dependencies:
    ms "2.0.0"

ms@2.0.0:
  version "2.0.0"
  resolved "https://registry.yarnpkg.com/ms/-/ms-2.0.0.tgz#5608aeadfc00be6c2901df5f9861788de0d597c8"

sax@~1.2.4:
  version "1.2.4"
  resolved "https://registry.yarnpkg.com/sax/-/sax-1.2.4.tgz#2816234e2378bddc4e5354fab5caa895df7100d9"

typescript@2.3.x:
  version "2.3.4"
  resolved "https://registry.yarnpkg.com/typescript/-/typescript-2.3.4.tgz#3d38321828231e434f287514959c37a82b629f42"
